
Microsoft Visual Studio Solution File, Format Version 12.00
# Visual Studio Version 17
VisualStudioVersion = 17.0.31903.59
MinimumVisualStudioVersion = 10.0.40219.1
Project("{2150E333-8FDC-42A3-9474-1A3956D46DE8}") = "Ducktory", "Ducktory", "{28B1CBEB-E86C-10DE-D917-9EE13290DCBD}"
EndProject
Project("{FAE04EC0-301F-11D3-BF4B-00C04F79EFBC}") = "Ducktory", "Ducktory\Ducktory\Ducktory.csproj", "{18BC1834-F058-4B87-8DA7-67E60B082EB1}"
EndProject
Project("{FAE04EC0-301F-11D3-BF4B-00C04F79EFBC}") = "DuckLibrary", "Ducktory\DuckLibrary\DuckLibrary.csproj", "{B918DFA6-7931-4672-B27E-A82554DC7B61}"
EndProject
Global
	GlobalSection(SolutionConfigurationPlatforms) = preSolution
		Debug|Any CPU = Debug|Any CPU
		Debug|x64 = Debug|x64
		Debug|x86 = Debug|x86
		Release|Any CPU = Release|Any CPU
		Release|x64 = Release|x64
		Release|x86 = Release|x86
	EndGlobalSection
	GlobalSection(ProjectConfigurationPlatforms) = postSolution
		{18BC1834-F058-4B87-8DA7-67E60B082EB1}.Debug|Any CPU.ActiveCfg = Debug|Any CPU
		{18BC1834-F058-4B87-8DA7-67E60B082EB1}.Debug|Any CPU.Build.0 = Debug|Any CPU
		{18BC1834-F058-4B87-8DA7-67E60B082EB1}.Debug|x64.ActiveCfg = Debug|Any CPU
		{18BC1834-F058-4B87-8DA7-67E60B082EB1}.Debug|x64.Build.0 = Debug|Any CPU
		{18BC1834-F058-4B87-8DA7-67E60B082EB1}.Debug|x86.ActiveCfg = Debug|Any CPU
		{18BC1834-F058-4B87-8DA7-67E60B082EB1}.Debug|x86.Build.0 = Debug|Any CPU
		{18BC1834-F058-4B87-8DA7-67E60B082EB1}.Release|Any CPU.ActiveCfg = Release|Any CPU
		{18BC1834-F058-4B87-8DA7-67E60B082EB1}.Release|Any CPU.Build.0 = Release|Any CPU
		{18BC1834-F058-4B87-8DA7-67E60B082EB1}.Release|x64.ActiveCfg = Release|Any CPU
		{18BC1834-F058-4B87-8DA7-67E60B082EB1}.Release|x64.Build.0 = Release|Any CPU
		{18BC1834-F058-4B87-8DA7-67E60B082EB1}.Release|x86.ActiveCfg = Release|Any CPU
		{18BC1834-F058-4B87-8DA7-67E60B082EB1}.Release|x86.Build.0 = Release|Any CPU
		{B918DFA6-7931-4672-B27E-A82554DC7B61}.Debug|Any CPU.ActiveCfg = Debug|Any CPU
		{B918DFA6-7931-4672-B27E-A82554DC7B61}.Debug|Any CPU.Build.0 = Debug|Any CPU
		{B918DFA6-7931-4672-B27E-A82554DC7B61}.Debug|x64.ActiveCfg = Debug|Any CPU
		{B918DFA6-7931-4672-B27E-A82554DC7B61}.Debug|x64.Build.0 = Debug|Any CPU
		{B918DFA6-7931-4672-B27E-A82554DC7B61}.Debug|x86.ActiveCfg = Debug|Any CPU
		{B918DFA6-7931-4672-B27E-A82554DC7B61}.Debug|x86.Build.0 = Debug|Any CPU
		{B918DFA6-7931-4672-B27E-A82554DC7B61}.Release|Any CPU.ActiveCfg = Release|Any CPU
		{B918DFA6-7931-4672-B27E-A82554DC7B61}.Release|Any CPU.Build.0 = Release|Any CPU
		{B918DFA6-7931-4672-B27E-A82554DC7B61}.Release|x64.ActiveCfg = Release|Any CPU
		{B918DFA6-7931-4672-B27E-A82554DC7B61}.Release|x64.Build.0 = Release|Any CPU
		{B918DFA6-7931-4672-B27E-A82554DC7B61}.Release|x86.ActiveCfg = Release|Any CPU
		{B918DFA6-7931-4672-B27E-A82554DC7B61}.Release|x86.Build.0 = Release|Any CPU
	EndGlobalSection
	GlobalSection(SolutionProperties) = preSolution
		HideSolutionNode = FALSE
	EndGlobalSection
	GlobalSection(NestedProjects) = preSolution
		{18BC1834-F058-4B87-8DA7-67E60B082EB1} = {28B1CBEB-E86C-10DE-D917-9EE13290DCBD}
		{B918DFA6-7931-4672-B27E-A82554DC7B61} = {28B1CBEB-E86C-10DE-D917-9EE13290DCBD}
	EndGlobalSection
EndGlobal
